
Microsoft Visual Studio Solution File, Format Version 12.00
# Visual Studio Version 17
VisualStudioVersion = 17.14.36221.1 d17.14
MinimumVisualStudioVersion = 10.0.40219.1
Project("{FAE04EC0-301F-11D3-BF4B-00C04F79EFBC}") = "OtomatProje", "OtomatProje\OtomatProje.csproj", "{1CA89577-0AC1-452A-86B2-07AFEF16D6AE}"
EndProject
Project("{FAE04EC0-301F-11D3-BF4B-00C04F79EFBC}") = "01_Arrays", "01_Arrays\01_Arrays.csproj", "{35463EC1-7FEA-4490-B518-0AE935F60B07}"
EndProject
Global
	GlobalSection(SolutionConfigurationPlatforms) = preSolution
		Debug|Any CPU = Debug|Any CPU
		Release|Any CPU = Release|Any CPU
	EndGlobalSection
	GlobalSection(ProjectConfigurationPlatforms) = postSolution
		{1CA89577-0AC1-452A-86B2-07AFEF16D6AE}.Debug|Any CPU.ActiveCfg = Debug|Any CPU
		{1CA89577-0AC1-452A-86B2-07AFEF16D6AE}.Debug|Any CPU.Build.0 = Debug|Any CPU
		{1CA89577-0AC1-452A-86B2-07AFEF16D6AE}.Release|Any CPU.ActiveCfg = Release|Any CPU
		{1CA89577-0AC1-452A-86B2-07AFEF16D6AE}.Release|Any CPU.Build.0 = Release|Any CPU
		{35463EC1-7FEA-4490-B518-0AE935F60B07}.Debug|Any CPU.ActiveCfg = Debug|Any CPU
		{35463EC1-7FEA-4490-B518-0AE935F60B07}.Debug|Any CPU.Build.0 = Debug|Any CPU
		{35463EC1-7FEA-4490-B518-0AE935F60B07}.Release|Any CPU.ActiveCfg = Release|Any CPU
		{35463EC1-7FEA-4490-B518-0AE935F60B07}.Release|Any CPU.Build.0 = Release|Any CPU
	EndGlobalSection
	GlobalSection(SolutionProperties) = preSolution
		HideSolutionNode = FALSE
	EndGlobalSection
	GlobalSection(ExtensibilityGlobals) = postSolution
		SolutionGuid = {0E3E6A2B-2317-46C2-AC57-2BB8D056BBF7}
	EndGlobalSection
EndGlobal
