
Microsoft Visual Studio Solution File, Format Version 12.00
# Visual Studio Version 17
VisualStudioVersion = 17.14.36221.1
MinimumVisualStudioVersion = 10.0.40219.1
Project("{FAE04EC0-301F-11D3-BF4B-00C04F79EFBC}") = "02_OtomatProje", "OtomatProje\02_OtomatProje.csproj", "{1CA89577-0AC1-452A-86B2-07AFEF16D6AE}"
EndProject
Project("{FAE04EC0-301F-11D3-BF4B-00C04F79EFBC}") = "01_Arrays", "01_Arrays\01_Arrays.csproj", "{35463EC1-7FEA-4490-B518-0AE935F60B07}"
EndProject
Project("{FAE04EC0-301F-11D3-BF4B-00C04F79EFBC}") = "03_Math_Methods", "03_Math_Methods\03_Math_Methods.csproj", "{502F0329-28C7-4C75-8AD7-491325D6FDE0}"
EndProject
Project("{FAE04EC0-301F-11D3-BF4B-00C04F79EFBC}") = "04_String_Methodlar", "04_String_Methodlar\04_String_Methodlar.csproj", "{167EACD2-AE3C-451F-B1EF-2AA81A3417BE}"
EndProject
Project("{FAE04EC0-301F-11D3-BF4B-00C04F79EFBC}") = "05_Methods", "05_Methods\05_Methods.csproj", "{D39A197C-9062-407C-8F38-1C688EEB94FC}"
EndProject
Project("{FAE04EC0-301F-11D3-BF4B-00C04F79EFBC}") = "06_return_Methods", "06_return_Methods\06_return_Methods.csproj", "{EDB14E54-B06B-4BDF-AB25-B6156062DB0C}"
EndProject
Project("{FAE04EC0-301F-11D3-BF4B-00C04F79EFBC}") = "06_Return_Methods_2", "06_Return_Methods_2\06_Return_Methods_2.csproj", "{9050B8FA-E249-405E-9510-064C8FC559E2}"
EndProject
Project("{FAE04EC0-301F-11D3-BF4B-00C04F79EFBC}") = "07_OdevCozum", "07_OdevCozum\07_OdevCozum.csproj", "{54A81FFD-8886-414A-BCFA-867A1D807ECE}"
EndProject
Project("{FAE04EC0-301F-11D3-BF4B-00C04F79EFBC}") = "08_OverLoad_Methods", "08_OverLoad_Methods\08_OverLoad_Methods.csproj", "{B78EF59E-3D60-4FC4-AFE5-B43014408CCA}"
EndProject
Project("{FAE04EC0-301F-11D3-BF4B-00C04F79EFBC}") = "09_Params_Method", "09_Params_Method\09_Params_Method.csproj", "{277578F3-4C38-47DE-81B3-ED5CE4D5B851}"
EndProject
Project("{FAE04EC0-301F-11D3-BF4B-00C04F79EFBC}") = "10_OptionalParameters_Method", "10_OptionalParameters_Method\10_OptionalParameters_Method.csproj", "{199F0D87-7358-4DBF-973D-AB865659C633}"
EndProject
Project("{FAE04EC0-301F-11D3-BF4B-00C04F79EFBC}") = "11_Out_Method", "11_Out_Method\11_Out_Method.csproj", "{9DB94ADE-BDD0-4C81-93C6-FA56551E34E6}"
EndProject
Project("{FAE04EC0-301F-11D3-BF4B-00C04F79EFBC}") = "12_Ref_Method", "12_Ref_Method\12_Ref_Method.csproj", "{7D35FF7F-3011-4A11-AADA-5768D0AF85E3}"
EndProject
Project("{FAE04EC0-301F-11D3-BF4B-00C04F79EFBC}") = "13_Recursive_Methods", "13_Recursive_Methods\13_Recursive_Methods.csproj", "{2241DDD4-5A79-4B99-AA78-86679A465E27}"
EndProject
Project("{FAE04EC0-301F-11D3-BF4B-00C04F79EFBC}") = "14_Collections", "14_Collections\14_Collections.csproj", "{3E6E4F44-19CC-4609-8CAF-9F27F64BFC0E}"
EndProject
Project("{FAE04EC0-301F-11D3-BF4B-00C04F79EFBC}") = "15_ArrayList", "15_ArrayList\15_ArrayList.csproj", "{E262A346-9004-4E0F-82B0-1F27BAA1C4F2}"
EndProject
Project("{FAE04EC0-301F-11D3-BF4B-00C04F79EFBC}") = "16_ManavOtomasyon", "16_ManavOtomasyon\16_ManavOtomasyon.csproj", "{5C360D6A-3A51-4C7C-AACC-7E96D64ECF7D}"
EndProject
Project("{FAE04EC0-301F-11D3-BF4B-00C04F79EFBC}") = "17_List", "17_List\17_List.csproj", "{B0061822-870D-4C80-93EF-0BEFCF161F53}"
EndProject
Project("{FAE04EC0-301F-11D3-BF4B-00C04F79EFBC}") = "18_Class_Object", "18_Class_Object\18_Class_Object.csproj", "{82334B51-80B4-4918-B97B-40820175D81E}"
EndProject
Project("{FAE04EC0-301F-11D3-BF4B-00C04F79EFBC}") = "19_Class_Object_Static", "19_Class_Object_Static\19_Class_Object_Static.csproj", "{E737777D-AF98-4ED8-953B-6388F7D2ACAC}"
EndProject
Global
	GlobalSection(SolutionConfigurationPlatforms) = preSolution
		Debug|Any CPU = Debug|Any CPU
		Release|Any CPU = Release|Any CPU
	EndGlobalSection
	GlobalSection(ProjectConfigurationPlatforms) = postSolution
		{1CA89577-0AC1-452A-86B2-07AFEF16D6AE}.Debug|Any CPU.ActiveCfg = Debug|Any CPU
		{1CA89577-0AC1-452A-86B2-07AFEF16D6AE}.Debug|Any CPU.Build.0 = Debug|Any CPU
		{1CA89577-0AC1-452A-86B2-07AFEF16D6AE}.Release|Any CPU.ActiveCfg = Release|Any CPU
		{1CA89577-0AC1-452A-86B2-07AFEF16D6AE}.Release|Any CPU.Build.0 = Release|Any CPU
		{35463EC1-7FEA-4490-B518-0AE935F60B07}.Debug|Any CPU.ActiveCfg = Debug|Any CPU
		{35463EC1-7FEA-4490-B518-0AE935F60B07}.Debug|Any CPU.Build.0 = Debug|Any CPU
		{35463EC1-7FEA-4490-B518-0AE935F60B07}.Release|Any CPU.ActiveCfg = Release|Any CPU
		{35463EC1-7FEA-4490-B518-0AE935F60B07}.Release|Any CPU.Build.0 = Release|Any CPU
		{502F0329-28C7-4C75-8AD7-491325D6FDE0}.Debug|Any CPU.ActiveCfg = Debug|Any CPU
		{502F0329-28C7-4C75-8AD7-491325D6FDE0}.Debug|Any CPU.Build.0 = Debug|Any CPU
		{502F0329-28C7-4C75-8AD7-491325D6FDE0}.Release|Any CPU.ActiveCfg = Release|Any CPU
		{502F0329-28C7-4C75-8AD7-491325D6FDE0}.Release|Any CPU.Build.0 = Release|Any CPU
		{167EACD2-AE3C-451F-B1EF-2AA81A3417BE}.Debug|Any CPU.ActiveCfg = Debug|Any CPU
		{167EACD2-AE3C-451F-B1EF-2AA81A3417BE}.Debug|Any CPU.Build.0 = Debug|Any CPU
		{167EACD2-AE3C-451F-B1EF-2AA81A3417BE}.Release|Any CPU.ActiveCfg = Release|Any CPU
		{167EACD2-AE3C-451F-B1EF-2AA81A3417BE}.Release|Any CPU.Build.0 = Release|Any CPU
		{D39A197C-9062-407C-8F38-1C688EEB94FC}.Debug|Any CPU.ActiveCfg = Debug|Any CPU
		{D39A197C-9062-407C-8F38-1C688EEB94FC}.Debug|Any CPU.Build.0 = Debug|Any CPU
		{D39A197C-9062-407C-8F38-1C688EEB94FC}.Release|Any CPU.ActiveCfg = Release|Any CPU
		{D39A197C-9062-407C-8F38-1C688EEB94FC}.Release|Any CPU.Build.0 = Release|Any CPU
		{EDB14E54-B06B-4BDF-AB25-B6156062DB0C}.Debug|Any CPU.ActiveCfg = Debug|Any CPU
		{EDB14E54-B06B-4BDF-AB25-B6156062DB0C}.Debug|Any CPU.Build.0 = Debug|Any CPU
		{EDB14E54-B06B-4BDF-AB25-B6156062DB0C}.Release|Any CPU.ActiveCfg = Release|Any CPU
		{EDB14E54-B06B-4BDF-AB25-B6156062DB0C}.Release|Any CPU.Build.0 = Release|Any CPU
		{9050B8FA-E249-405E-9510-064C8FC559E2}.Debug|Any CPU.ActiveCfg = Debug|Any CPU
		{9050B8FA-E249-405E-9510-064C8FC559E2}.Debug|Any CPU.Build.0 = Debug|Any CPU
		{9050B8FA-E249-405E-9510-064C8FC559E2}.Release|Any CPU.ActiveCfg = Release|Any CPU
		{9050B8FA-E249-405E-9510-064C8FC559E2}.Release|Any CPU.Build.0 = Release|Any CPU
		{54A81FFD-8886-414A-BCFA-867A1D807ECE}.Debug|Any CPU.ActiveCfg = Debug|Any CPU
		{54A81FFD-8886-414A-BCFA-867A1D807ECE}.Debug|Any CPU.Build.0 = Debug|Any CPU
		{54A81FFD-8886-414A-BCFA-867A1D807ECE}.Release|Any CPU.ActiveCfg = Release|Any CPU
		{54A81FFD-8886-414A-BCFA-867A1D807ECE}.Release|Any CPU.Build.0 = Release|Any CPU
		{B78EF59E-3D60-4FC4-AFE5-B43014408CCA}.Debug|Any CPU.ActiveCfg = Debug|Any CPU
		{B78EF59E-3D60-4FC4-AFE5-B43014408CCA}.Debug|Any CPU.Build.0 = Debug|Any CPU
		{B78EF59E-3D60-4FC4-AFE5-B43014408CCA}.Release|Any CPU.ActiveCfg = Release|Any CPU
		{B78EF59E-3D60-4FC4-AFE5-B43014408CCA}.Release|Any CPU.Build.0 = Release|Any CPU
		{277578F3-4C38-47DE-81B3-ED5CE4D5B851}.Debug|Any CPU.ActiveCfg = Debug|Any CPU
		{277578F3-4C38-47DE-81B3-ED5CE4D5B851}.Debug|Any CPU.Build.0 = Debug|Any CPU
		{277578F3-4C38-47DE-81B3-ED5CE4D5B851}.Release|Any CPU.ActiveCfg = Release|Any CPU
		{277578F3-4C38-47DE-81B3-ED5CE4D5B851}.Release|Any CPU.Build.0 = Release|Any CPU
		{199F0D87-7358-4DBF-973D-AB865659C633}.Debug|Any CPU.ActiveCfg = Debug|Any CPU
		{199F0D87-7358-4DBF-973D-AB865659C633}.Debug|Any CPU.Build.0 = Debug|Any CPU
		{199F0D87-7358-4DBF-973D-AB865659C633}.Release|Any CPU.ActiveCfg = Release|Any CPU
		{199F0D87-7358-4DBF-973D-AB865659C633}.Release|Any CPU.Build.0 = Release|Any CPU
		{9DB94ADE-BDD0-4C81-93C6-FA56551E34E6}.Debug|Any CPU.ActiveCfg = Debug|Any CPU
		{9DB94ADE-BDD0-4C81-93C6-FA56551E34E6}.Debug|Any CPU.Build.0 = Debug|Any CPU
		{9DB94ADE-BDD0-4C81-93C6-FA56551E34E6}.Release|Any CPU.ActiveCfg = Release|Any CPU
		{9DB94ADE-BDD0-4C81-93C6-FA56551E34E6}.Release|Any CPU.Build.0 = Release|Any CPU
		{7D35FF7F-3011-4A11-AADA-5768D0AF85E3}.Debug|Any CPU.ActiveCfg = Debug|Any CPU
		{7D35FF7F-3011-4A11-AADA-5768D0AF85E3}.Debug|Any CPU.Build.0 = Debug|Any CPU
		{7D35FF7F-3011-4A11-AADA-5768D0AF85E3}.Release|Any CPU.ActiveCfg = Release|Any CPU
		{7D35FF7F-3011-4A11-AADA-5768D0AF85E3}.Release|Any CPU.Build.0 = Release|Any CPU
		{2241DDD4-5A79-4B99-AA78-86679A465E27}.Debug|Any CPU.ActiveCfg = Debug|Any CPU
		{2241DDD4-5A79-4B99-AA78-86679A465E27}.Debug|Any CPU.Build.0 = Debug|Any CPU
		{2241DDD4-5A79-4B99-AA78-86679A465E27}.Release|Any CPU.ActiveCfg = Release|Any CPU
		{2241DDD4-5A79-4B99-AA78-86679A465E27}.Release|Any CPU.Build.0 = Release|Any CPU
		{3E6E4F44-19CC-4609-8CAF-9F27F64BFC0E}.Debug|Any CPU.ActiveCfg = Debug|Any CPU
		{3E6E4F44-19CC-4609-8CAF-9F27F64BFC0E}.Debug|Any CPU.Build.0 = Debug|Any CPU
		{3E6E4F44-19CC-4609-8CAF-9F27F64BFC0E}.Release|Any CPU.ActiveCfg = Release|Any CPU
		{3E6E4F44-19CC-4609-8CAF-9F27F64BFC0E}.Release|Any CPU.Build.0 = Release|Any CPU
		{E262A346-9004-4E0F-82B0-1F27BAA1C4F2}.Debug|Any CPU.ActiveCfg = Debug|Any CPU
		{E262A346-9004-4E0F-82B0-1F27BAA1C4F2}.Debug|Any CPU.Build.0 = Debug|Any CPU
		{E262A346-9004-4E0F-82B0-1F27BAA1C4F2}.Release|Any CPU.ActiveCfg = Release|Any CPU
		{E262A346-9004-4E0F-82B0-1F27BAA1C4F2}.Release|Any CPU.Build.0 = Release|Any CPU
		{5C360D6A-3A51-4C7C-AACC-7E96D64ECF7D}.Debug|Any CPU.ActiveCfg = Debug|Any CPU
		{5C360D6A-3A51-4C7C-AACC-7E96D64ECF7D}.Debug|Any CPU.Build.0 = Debug|Any CPU
		{5C360D6A-3A51-4C7C-AACC-7E96D64ECF7D}.Release|Any CPU.ActiveCfg = Release|Any CPU
		{5C360D6A-3A51-4C7C-AACC-7E96D64ECF7D}.Release|Any CPU.Build.0 = Release|Any CPU
		{B0061822-870D-4C80-93EF-0BEFCF161F53}.Debug|Any CPU.ActiveCfg = Debug|Any CPU
		{B0061822-870D-4C80-93EF-0BEFCF161F53}.Debug|Any CPU.Build.0 = Debug|Any CPU
		{B0061822-870D-4C80-93EF-0BEFCF161F53}.Release|Any CPU.ActiveCfg = Release|Any CPU
		{B0061822-870D-4C80-93EF-0BEFCF161F53}.Release|Any CPU.Build.0 = Release|Any CPU
		{82334B51-80B4-4918-B97B-40820175D81E}.Debug|Any CPU.ActiveCfg = Debug|Any CPU
		{82334B51-80B4-4918-B97B-40820175D81E}.Debug|Any CPU.Build.0 = Debug|Any CPU
		{82334B51-80B4-4918-B97B-40820175D81E}.Release|Any CPU.ActiveCfg = Release|Any CPU
		{82334B51-80B4-4918-B97B-40820175D81E}.Release|Any CPU.Build.0 = Release|Any CPU
		{E737777D-AF98-4ED8-953B-6388F7D2ACAC}.Debug|Any CPU.ActiveCfg = Debug|Any CPU
		{E737777D-AF98-4ED8-953B-6388F7D2ACAC}.Debug|Any CPU.Build.0 = Debug|Any CPU
		{E737777D-AF98-4ED8-953B-6388F7D2ACAC}.Release|Any CPU.ActiveCfg = Release|Any CPU
		{E737777D-AF98-4ED8-953B-6388F7D2ACAC}.Release|Any CPU.Build.0 = Release|Any CPU
	EndGlobalSection
	GlobalSection(SolutionProperties) = preSolution
		HideSolutionNode = FALSE
	EndGlobalSection
	GlobalSection(ExtensibilityGlobals) = postSolution
		SolutionGuid = {0E3E6A2B-2317-46C2-AC57-2BB8D056BBF7}
	EndGlobalSection
EndGlobal
