
Microsoft Visual Studio Solution File, Format Version 12.00
# Visual Studio Version 17
VisualStudioVersion = 17.14.36221.1
MinimumVisualStudioVersion = 10.0.40219.1
Project("{FAE04EC0-301F-11D3-BF4B-00C04F79EFBC}") = "02_OtomatProje", "OtomatProje\02_OtomatProje.csproj", "{1CA89577-0AC1-452A-86B2-07AFEF16D6AE}"
EndProject
Project("{FAE04EC0-301F-11D3-BF4B-00C04F79EFBC}") = "01_Arrays", "01_Arrays\01_Arrays.csproj", "{35463EC1-7FEA-4490-B518-0AE935F60B07}"
EndProject
Project("{FAE04EC0-301F-11D3-BF4B-00C04F79EFBC}") = "03_Math_Methods", "03_Math_Methods\03_Math_Methods.csproj", "{502F0329-28C7-4C75-8AD7-491325D6FDE0}"
EndProject
Project("{FAE04EC0-301F-11D3-BF4B-00C04F79EFBC}") = "04_String_Methodlar", "04_String_Methodlar\04_String_Methodlar.csproj", "{167EACD2-AE3C-451F-B1EF-2AA81A3417BE}"
EndProject
Project("{FAE04EC0-301F-11D3-BF4B-00C04F79EFBC}") = "05_Methods", "05_Methods\05_Methods.csproj", "{D39A197C-9062-407C-8F38-1C688EEB94FC}"
EndProject
Project("{FAE04EC0-301F-11D3-BF4B-00C04F79EFBC}") = "06_return_Methods", "06_return_Methods\06_return_Methods.csproj", "{EDB14E54-B06B-4BDF-AB25-B6156062DB0C}"
EndProject
Project("{FAE04EC0-301F-11D3-BF4B-00C04F79EFBC}") = "06_Return_Methods_2", "06_Return_Methods_2\06_Return_Methods_2.csproj", "{9050B8FA-E249-405E-9510-064C8FC559E2}"
EndProject
Project("{FAE04EC0-301F-11D3-BF4B-00C04F79EFBC}") = "07_OdevCozum", "07_OdevCozum\07_OdevCozum.csproj", "{54A81FFD-8886-414A-BCFA-867A1D807ECE}"
EndProject
Project("{FAE04EC0-301F-11D3-BF4B-00C04F79EFBC}") = "08_OverLoad_Methods", "08_OverLoad_Methods\08_OverLoad_Methods.csproj", "{B78EF59E-3D60-4FC4-AFE5-B43014408CCA}"
EndProject
Global
	GlobalSection(SolutionConfigurationPlatforms) = preSolution
		Debug|Any CPU = Debug|Any CPU
		Release|Any CPU = Release|Any CPU
	EndGlobalSection
	GlobalSection(ProjectConfigurationPlatforms) = postSolution
		{1CA89577-0AC1-452A-86B2-07AFEF16D6AE}.Debug|Any CPU.ActiveCfg = Debug|Any CPU
		{1CA89577-0AC1-452A-86B2-07AFEF16D6AE}.Debug|Any CPU.Build.0 = Debug|Any CPU
		{1CA89577-0AC1-452A-86B2-07AFEF16D6AE}.Release|Any CPU.ActiveCfg = Release|Any CPU
		{1CA89577-0AC1-452A-86B2-07AFEF16D6AE}.Release|Any CPU.Build.0 = Release|Any CPU
		{35463EC1-7FEA-4490-B518-0AE935F60B07}.Debug|Any CPU.ActiveCfg = Debug|Any CPU
		{35463EC1-7FEA-4490-B518-0AE935F60B07}.Debug|Any CPU.Build.0 = Debug|Any CPU
		{35463EC1-7FEA-4490-B518-0AE935F60B07}.Release|Any CPU.ActiveCfg = Release|Any CPU
		{35463EC1-7FEA-4490-B518-0AE935F60B07}.Release|Any CPU.Build.0 = Release|Any CPU
		{502F0329-28C7-4C75-8AD7-491325D6FDE0}.Debug|Any CPU.ActiveCfg = Debug|Any CPU
		{502F0329-28C7-4C75-8AD7-491325D6FDE0}.Debug|Any CPU.Build.0 = Debug|Any CPU
		{502F0329-28C7-4C75-8AD7-491325D6FDE0}.Release|Any CPU.ActiveCfg = Release|Any CPU
		{502F0329-28C7-4C75-8AD7-491325D6FDE0}.Release|Any CPU.Build.0 = Release|Any CPU
		{167EACD2-AE3C-451F-B1EF-2AA81A3417BE}.Debug|Any CPU.ActiveCfg = Debug|Any CPU
		{167EACD2-AE3C-451F-B1EF-2AA81A3417BE}.Debug|Any CPU.Build.0 = Debug|Any CPU
		{167EACD2-AE3C-451F-B1EF-2AA81A3417BE}.Release|Any CPU.ActiveCfg = Release|Any CPU
		{167EACD2-AE3C-451F-B1EF-2AA81A3417BE}.Release|Any CPU.Build.0 = Release|Any CPU
		{D39A197C-9062-407C-8F38-1C688EEB94FC}.Debug|Any CPU.ActiveCfg = Debug|Any CPU
		{D39A197C-9062-407C-8F38-1C688EEB94FC}.Debug|Any CPU.Build.0 = Debug|Any CPU
		{D39A197C-9062-407C-8F38-1C688EEB94FC}.Release|Any CPU.ActiveCfg = Release|Any CPU
		{D39A197C-9062-407C-8F38-1C688EEB94FC}.Release|Any CPU.Build.0 = Release|Any CPU
		{EDB14E54-B06B-4BDF-AB25-B6156062DB0C}.Debug|Any CPU.ActiveCfg = Debug|Any CPU
		{EDB14E54-B06B-4BDF-AB25-B6156062DB0C}.Debug|Any CPU.Build.0 = Debug|Any CPU
		{EDB14E54-B06B-4BDF-AB25-B6156062DB0C}.Release|Any CPU.ActiveCfg = Release|Any CPU
		{EDB14E54-B06B-4BDF-AB25-B6156062DB0C}.Release|Any CPU.Build.0 = Release|Any CPU
		{9050B8FA-E249-405E-9510-064C8FC559E2}.Debug|Any CPU.ActiveCfg = Debug|Any CPU
		{9050B8FA-E249-405E-9510-064C8FC559E2}.Debug|Any CPU.Build.0 = Debug|Any CPU
		{9050B8FA-E249-405E-9510-064C8FC559E2}.Release|Any CPU.ActiveCfg = Release|Any CPU
		{9050B8FA-E249-405E-9510-064C8FC559E2}.Release|Any CPU.Build.0 = Release|Any CPU
		{54A81FFD-8886-414A-BCFA-867A1D807ECE}.Debug|Any CPU.ActiveCfg = Debug|Any CPU
		{54A81FFD-8886-414A-BCFA-867A1D807ECE}.Debug|Any CPU.Build.0 = Debug|Any CPU
		{54A81FFD-8886-414A-BCFA-867A1D807ECE}.Release|Any CPU.ActiveCfg = Release|Any CPU
		{54A81FFD-8886-414A-BCFA-867A1D807ECE}.Release|Any CPU.Build.0 = Release|Any CPU
		{B78EF59E-3D60-4FC4-AFE5-B43014408CCA}.Debug|Any CPU.ActiveCfg = Debug|Any CPU
		{B78EF59E-3D60-4FC4-AFE5-B43014408CCA}.Debug|Any CPU.Build.0 = Debug|Any CPU
		{B78EF59E-3D60-4FC4-AFE5-B43014408CCA}.Release|Any CPU.ActiveCfg = Release|Any CPU
		{B78EF59E-3D60-4FC4-AFE5-B43014408CCA}.Release|Any CPU.Build.0 = Release|Any CPU
	EndGlobalSection
	GlobalSection(SolutionProperties) = preSolution
		HideSolutionNode = FALSE
	EndGlobalSection
	GlobalSection(ExtensibilityGlobals) = postSolution
		SolutionGuid = {0E3E6A2B-2317-46C2-AC57-2BB8D056BBF7}
	EndGlobalSection
EndGlobal
